
Microsoft Visual Studio Solution File, Format Version 12.00
# Visual Studio Version 17
VisualStudioVersion = 17.0.31903.59
MinimumVisualStudioVersion = 10.0.40219.1
Project("{FAE04EC0-301F-11D3-BF4B-00C04F79EFBC}") = "Domain", "Domain\Domain.csproj", "{49F35149-B40F-4CA4-9364-2B3533B5515C}"
EndProject
Project("{FAE04EC0-301F-11D3-BF4B-00C04F79EFBC}") = "Infrastructure", "Infrastructure\Infrastructure.csproj", "{C1EBC5AD-5C5C-4487-B4AE-D5FD44CCF65B}"
EndProject
Project("{FAE04EC0-301F-11D3-BF4B-00C04F79EFBC}") = "Application", "Application\Application.csproj", "{D1AB7D8B-5397-45CB-B94E-1EB8DA3990EF}"
EndProject
Project("{FAE04EC0-301F-11D3-BF4B-00C04F79EFBC}") = "Api", "Api\Api.csproj", "{EABA982E-EC99-4C1D-A4A9-AAC7B534EB81}"
EndProject
Project("{2150E333-8FDC-42A3-9474-1A3956D46DE8}") = "Solution Items", "Solution Items", "{EAAF34BD-E735-44D3-9F11-7B592A67738E}"
	ProjectSection(SolutionItems) = preProject
		Directory.Packages.props = Directory.Packages.props
	EndProjectSection
EndProject
Project("{FAE04EC0-301F-11D3-BF4B-00C04F79EFBC}") = "Tests", "Tests\Tests.csproj", "{B3F60278-81F7-41BC-ABF2-FAF474F897F4}"
EndProject
Global
	GlobalSection(SolutionConfigurationPlatforms) = preSolution
		Debug|Any CPU = Debug|Any CPU
		Debug|x64 = Debug|x64
		Debug|x86 = Debug|x86
		Release|Any CPU = Release|Any CPU
		Release|x64 = Release|x64
		Release|x86 = Release|x86
	EndGlobalSection
	GlobalSection(ProjectConfigurationPlatforms) = postSolution
		{49F35149-B40F-4CA4-9364-2B3533B5515C}.Debug|Any CPU.ActiveCfg = Debug|Any CPU
		{49F35149-B40F-4CA4-9364-2B3533B5515C}.Debug|Any CPU.Build.0 = Debug|Any CPU
		{49F35149-B40F-4CA4-9364-2B3533B5515C}.Debug|x64.ActiveCfg = Debug|Any CPU
		{49F35149-B40F-4CA4-9364-2B3533B5515C}.Debug|x64.Build.0 = Debug|Any CPU
		{49F35149-B40F-4CA4-9364-2B3533B5515C}.Debug|x86.ActiveCfg = Debug|Any CPU
		{49F35149-B40F-4CA4-9364-2B3533B5515C}.Debug|x86.Build.0 = Debug|Any CPU
		{49F35149-B40F-4CA4-9364-2B3533B5515C}.Release|Any CPU.ActiveCfg = Release|Any CPU
		{49F35149-B40F-4CA4-9364-2B3533B5515C}.Release|Any CPU.Build.0 = Release|Any CPU
		{49F35149-B40F-4CA4-9364-2B3533B5515C}.Release|x64.ActiveCfg = Release|Any CPU
		{49F35149-B40F-4CA4-9364-2B3533B5515C}.Release|x64.Build.0 = Release|Any CPU
		{49F35149-B40F-4CA4-9364-2B3533B5515C}.Release|x86.ActiveCfg = Release|Any CPU
		{49F35149-B40F-4CA4-9364-2B3533B5515C}.Release|x86.Build.0 = Release|Any CPU
		{C1EBC5AD-5C5C-4487-B4AE-D5FD44CCF65B}.Debug|Any CPU.ActiveCfg = Debug|Any CPU
		{C1EBC5AD-5C5C-4487-B4AE-D5FD44CCF65B}.Debug|Any CPU.Build.0 = Debug|Any CPU
		{C1EBC5AD-5C5C-4487-B4AE-D5FD44CCF65B}.Debug|x64.ActiveCfg = Debug|Any CPU
		{C1EBC5AD-5C5C-4487-B4AE-D5FD44CCF65B}.Debug|x64.Build.0 = Debug|Any CPU
		{C1EBC5AD-5C5C-4487-B4AE-D5FD44CCF65B}.Debug|x86.ActiveCfg = Debug|Any CPU
		{C1EBC5AD-5C5C-4487-B4AE-D5FD44CCF65B}.Debug|x86.Build.0 = Debug|Any CPU
		{C1EBC5AD-5C5C-4487-B4AE-D5FD44CCF65B}.Release|Any CPU.ActiveCfg = Release|Any CPU
		{C1EBC5AD-5C5C-4487-B4AE-D5FD44CCF65B}.Release|Any CPU.Build.0 = Release|Any CPU
		{C1EBC5AD-5C5C-4487-B4AE-D5FD44CCF65B}.Release|x64.ActiveCfg = Release|Any CPU
		{C1EBC5AD-5C5C-4487-B4AE-D5FD44CCF65B}.Release|x64.Build.0 = Release|Any CPU
		{C1EBC5AD-5C5C-4487-B4AE-D5FD44CCF65B}.Release|x86.ActiveCfg = Release|Any CPU
		{C1EBC5AD-5C5C-4487-B4AE-D5FD44CCF65B}.Release|x86.Build.0 = Release|Any CPU
		{D1AB7D8B-5397-45CB-B94E-1EB8DA3990EF}.Debug|Any CPU.ActiveCfg = Debug|Any CPU
		{D1AB7D8B-5397-45CB-B94E-1EB8DA3990EF}.Debug|Any CPU.Build.0 = Debug|Any CPU
		{D1AB7D8B-5397-45CB-B94E-1EB8DA3990EF}.Debug|x64.ActiveCfg = Debug|Any CPU
		{D1AB7D8B-5397-45CB-B94E-1EB8DA3990EF}.Debug|x64.Build.0 = Debug|Any CPU
		{D1AB7D8B-5397-45CB-B94E-1EB8DA3990EF}.Debug|x86.ActiveCfg = Debug|Any CPU
		{D1AB7D8B-5397-45CB-B94E-1EB8DA3990EF}.Debug|x86.Build.0 = Debug|Any CPU
		{D1AB7D8B-5397-45CB-B94E-1EB8DA3990EF}.Release|Any CPU.ActiveCfg = Release|Any CPU
		{D1AB7D8B-5397-45CB-B94E-1EB8DA3990EF}.Release|Any CPU.Build.0 = Release|Any CPU
		{D1AB7D8B-5397-45CB-B94E-1EB8DA3990EF}.Release|x64.ActiveCfg = Release|Any CPU
		{D1AB7D8B-5397-45CB-B94E-1EB8DA3990EF}.Release|x64.Build.0 = Release|Any CPU
		{D1AB7D8B-5397-45CB-B94E-1EB8DA3990EF}.Release|x86.ActiveCfg = Release|Any CPU
		{D1AB7D8B-5397-45CB-B94E-1EB8DA3990EF}.Release|x86.Build.0 = Release|Any CPU
		{EABA982E-EC99-4C1D-A4A9-AAC7B534EB81}.Debug|Any CPU.ActiveCfg = Debug|Any CPU
		{EABA982E-EC99-4C1D-A4A9-AAC7B534EB81}.Debug|Any CPU.Build.0 = Debug|Any CPU
		{EABA982E-EC99-4C1D-A4A9-AAC7B534EB81}.Debug|x64.ActiveCfg = Debug|Any CPU
		{EABA982E-EC99-4C1D-A4A9-AAC7B534EB81}.Debug|x64.Build.0 = Debug|Any CPU
		{EABA982E-EC99-4C1D-A4A9-AAC7B534EB81}.Debug|x86.ActiveCfg = Debug|Any CPU
		{EABA982E-EC99-4C1D-A4A9-AAC7B534EB81}.Debug|x86.Build.0 = Debug|Any CPU
		{EABA982E-EC99-4C1D-A4A9-AAC7B534EB81}.Release|Any CPU.ActiveCfg = Release|Any CPU
		{EABA982E-EC99-4C1D-A4A9-AAC7B534EB81}.Release|Any CPU.Build.0 = Release|Any CPU
		{EABA982E-EC99-4C1D-A4A9-AAC7B534EB81}.Release|x64.ActiveCfg = Release|Any CPU
		{EABA982E-EC99-4C1D-A4A9-AAC7B534EB81}.Release|x64.Build.0 = Release|Any CPU
		{EABA982E-EC99-4C1D-A4A9-AAC7B534EB81}.Release|x86.ActiveCfg = Release|Any CPU
		{EABA982E-EC99-4C1D-A4A9-AAC7B534EB81}.Release|x86.Build.0 = Release|Any CPU
		{B3F60278-81F7-41BC-ABF2-FAF474F897F4}.Debug|Any CPU.ActiveCfg = Debug|Any CPU
		{B3F60278-81F7-41BC-ABF2-FAF474F897F4}.Debug|Any CPU.Build.0 = Debug|Any CPU
		{B3F60278-81F7-41BC-ABF2-FAF474F897F4}.Debug|x64.ActiveCfg = Debug|Any CPU
		{B3F60278-81F7-41BC-ABF2-FAF474F897F4}.Debug|x64.Build.0 = Debug|Any CPU
		{B3F60278-81F7-41BC-ABF2-FAF474F897F4}.Debug|x86.ActiveCfg = Debug|Any CPU
		{B3F60278-81F7-41BC-ABF2-FAF474F897F4}.Debug|x86.Build.0 = Debug|Any CPU
		{B3F60278-81F7-41BC-ABF2-FAF474F897F4}.Release|Any CPU.ActiveCfg = Release|Any CPU
		{B3F60278-81F7-41BC-ABF2-FAF474F897F4}.Release|Any CPU.Build.0 = Release|Any CPU
		{B3F60278-81F7-41BC-ABF2-FAF474F897F4}.Release|x64.ActiveCfg = Release|Any CPU
		{B3F60278-81F7-41BC-ABF2-FAF474F897F4}.Release|x64.Build.0 = Release|Any CPU
		{B3F60278-81F7-41BC-ABF2-FAF474F897F4}.Release|x86.ActiveCfg = Release|Any CPU
		{B3F60278-81F7-41BC-ABF2-FAF474F897F4}.Release|x86.Build.0 = Release|Any CPU
	EndGlobalSection
	GlobalSection(SolutionProperties) = preSolution
		HideSolutionNode = FALSE
	EndGlobalSection
EndGlobal
